// !$*UTF8*$!
{
	archiveVersion = 1;
	classes = {
	};
	objectVersion = 50;
	objects = {

/* Begin PBXBuildFile section */
		D613D6322450ADFB00ECCE8D /* AppDelegate.swift in Sources */ = {isa = PBXBuildFile; fileRef = D613D6312450ADFB00ECCE8D /* AppDelegate.swift */; };
		D613D6342450ADFB00ECCE8D /* MemeEditorViewController.swift in Sources */ = {isa = PBXBuildFile; fileRef = D613D6332450ADFB00ECCE8D /* MemeEditorViewController.swift */; };
		D613D6372450ADFB00ECCE8D /* Main.storyboard in Resources */ = {isa = PBXBuildFile; fileRef = D613D6352450ADFB00ECCE8D /* Main.storyboard */; };
		D613D6392450AE0200ECCE8D /* Assets.xcassets in Resources */ = {isa = PBXBuildFile; fileRef = D613D6382450AE0200ECCE8D /* Assets.xcassets */; };
		D613D63C2450AE0200ECCE8D /* LaunchScreen.storyboard in Resources */ = {isa = PBXBuildFile; fileRef = D613D63A2450AE0200ECCE8D /* LaunchScreen.storyboard */; };
		D6A11C572454862000F2CD71 /* MemeViewController.swift in Sources */ = {isa = PBXBuildFile; fileRef = D6A11C562454862000F2CD71 /* MemeViewController.swift */; };
		D6A11C5924548A8500F2CD71 /* MemeTableViewCell.swift in Sources */ = {isa = PBXBuildFile; fileRef = D6A11C5824548A8500F2CD71 /* MemeTableViewCell.swift */; };
		D6A11C5B2454CD1000F2CD71 /* SharedMemeTableViewController.swift in Sources */ = {isa = PBXBuildFile; fileRef = D6A11C5A2454CD1000F2CD71 /* SharedMemeTableViewController.swift */; };
		D6D792912453B98400DC819B /* Meme.swift in Sources */ = {isa = PBXBuildFile; fileRef = D6D792902453B98400DC819B /* Meme.swift */; };
		D6D792932453BA5300DC819B /* MemeTextFieldDelegate.swift in Sources */ = {isa = PBXBuildFile; fileRef = D6D792922453BA5300DC819B /* MemeTextFieldDelegate.swift */; };
/* End PBXBuildFile section */

/* Begin PBXFileReference section */
		D613D62E2450ADFB00ECCE8D /* MemeMe.app */ = {isa = PBXFileReference; explicitFileType = wrapper.application; includeInIndex = 0; path = MemeMe.app; sourceTree = BUILT_PRODUCTS_DIR; };
		D613D6312450ADFB00ECCE8D /* AppDelegate.swift */ = {isa = PBXFileReference; lastKnownFileType = sourcecode.swift; path = AppDelegate.swift; sourceTree = "<group>"; };
		D613D6332450ADFB00ECCE8D /* MemeEditorViewController.swift */ = {isa = PBXFileReference; lastKnownFileType = sourcecode.swift; path = MemeEditorViewController.swift; sourceTree = "<group>"; };
		D613D6362450ADFB00ECCE8D /* Base */ = {isa = PBXFileReference; lastKnownFileType = file.storyboard; name = Base; path = Base.lproj/Main.storyboard; sourceTree = "<group>"; };
		D613D6382450AE0200ECCE8D /* Assets.xcassets */ = {isa = PBXFileReference; lastKnownFileType = folder.assetcatalog; path = Assets.xcassets; sourceTree = "<group>"; };
		D613D63B2450AE0200ECCE8D /* Base */ = {isa = PBXFileReference; lastKnownFileType = file.storyboard; name = Base; path = Base.lproj/LaunchScreen.storyboard; sourceTree = "<group>"; };
		D613D63D2450AE0200ECCE8D /* Info.plist */ = {isa = PBXFileReference; lastKnownFileType = text.plist.xml; path = Info.plist; sourceTree = "<group>"; };
		D6A11C562454862000F2CD71 /* MemeViewController.swift */ = {isa = PBXFileReference; lastKnownFileType = sourcecode.swift; path = MemeViewController.swift; sourceTree = "<group>"; };
		D6A11C5824548A8500F2CD71 /* MemeTableViewCell.swift */ = {isa = PBXFileReference; lastKnownFileType = sourcecode.swift; path = MemeTableViewCell.swift; sourceTree = "<group>"; };
		D6A11C5A2454CD1000F2CD71 /* SharedMemeTableViewController.swift */ = {isa = PBXFileReference; lastKnownFileType = sourcecode.swift; path = SharedMemeTableViewController.swift; sourceTree = "<group>"; };
		D6D792902453B98400DC819B /* Meme.swift */ = {isa = PBXFileReference; lastKnownFileType = sourcecode.swift; path = Meme.swift; sourceTree = "<group>"; };
		D6D792922453BA5300DC819B /* MemeTextFieldDelegate.swift */ = {isa = PBXFileReference; lastKnownFileType = sourcecode.swift; path = MemeTextFieldDelegate.swift; sourceTree = "<group>"; };
/* End PBXFileReference section */

/* Begin PBXFrameworksBuildPhase section */
		D613D62B2450ADFB00ECCE8D /* Frameworks */ = {
			isa = PBXFrameworksBuildPhase;
			buildActionMask = 2147483647;
			files = (
			);
			runOnlyForDeploymentPostprocessing = 0;
		};
/* End PBXFrameworksBuildPhase section */

/* Begin PBXGroup section */
		D613D6252450ADFB00ECCE8D = {
			isa = PBXGroup;
			children = (
				D613D6302450ADFB00ECCE8D /* MemeMe */,
				D6A11C552454846100F2CD71 /* Views */,
				D6A11C542454844000F2CD71 /* Controllers */,
				D6D7928F2453B94100DC819B /* Text Field Delegates */,
				D6D7928E2453B91D00DC819B /* Model */,
				D613D62F2450ADFB00ECCE8D /* Products */,
			);
			sourceTree = "<group>";
		};
		D613D62F2450ADFB00ECCE8D /* Products */ = {
			isa = PBXGroup;
			children = (
				D613D62E2450ADFB00ECCE8D /* MemeMe.app */,
			);
			name = Products;
			sourceTree = "<group>";
		};
		D613D6302450ADFB00ECCE8D /* MemeMe */ = {
			isa = PBXGroup;
			children = (
				D613D6312450ADFB00ECCE8D /* AppDelegate.swift */,
				D613D6382450AE0200ECCE8D /* Assets.xcassets */,
				D613D63A2450AE0200ECCE8D /* LaunchScreen.storyboard */,
				D613D63D2450AE0200ECCE8D /* Info.plist */,
			);
			path = MemeMe;
			sourceTree = "<group>";
		};
		D6A11C542454844000F2CD71 /* Controllers */ = {
			isa = PBXGroup;
			children = (
				D613D6332450ADFB00ECCE8D /* MemeEditorViewController.swift */,
				D6A11C562454862000F2CD71 /* MemeViewController.swift */,
				D6A11C5824548A8500F2CD71 /* MemeTableViewCell.swift */,
				D6A11C5A2454CD1000F2CD71 /* SharedMemeTableViewController.swift */,
			);
			path = Controllers;
			sourceTree = "<group>";
		};
		D6A11C552454846100F2CD71 /* Views */ = {
			isa = PBXGroup;
			children = (
				D613D6352450ADFB00ECCE8D /* Main.storyboard */,
			);
			path = Views;
			sourceTree = "<group>";
		};
		D6D7928E2453B91D00DC819B /* Model */ = {
			isa = PBXGroup;
			children = (
				D6D792902453B98400DC819B /* Meme.swift */,
			);
			path = Model;
			sourceTree = "<group>";
		};
		D6D7928F2453B94100DC819B /* Text Field Delegates */ = {
			isa = PBXGroup;
			children = (
				D6D792922453BA5300DC819B /* MemeTextFieldDelegate.swift */,
			);
			path = "Text Field Delegates";
			sourceTree = "<group>";
		};
/* End PBXGroup section */

/* Begin PBXNativeTarget section */
		D613D62D2450ADFB00ECCE8D /* MemeMe */ = {
			isa = PBXNativeTarget;
			buildConfigurationList = D613D6402450AE0200ECCE8D /* Build configuration list for PBXNativeTarget "MemeMe" */;
			buildPhases = (
				D613D62A2450ADFB00ECCE8D /* Sources */,
				D613D62B2450ADFB00ECCE8D /* Frameworks */,
				D613D62C2450ADFB00ECCE8D /* Resources */,
			);
			buildRules = (
			);
			dependencies = (
			);
			name = MemeMe;
			productName = MemeMe;
			productReference = D613D62E2450ADFB00ECCE8D /* MemeMe.app */;
			productType = "com.apple.product-type.application";
		};
/* End PBXNativeTarget section */

/* Begin PBXProject section */
		D613D6262450ADFB00ECCE8D /* Project object */ = {
			isa = PBXProject;
			attributes = {
				LastSwiftUpdateCheck = 1010;
				LastUpgradeCheck = 1010;
				ORGANIZATIONNAME = "Mahmoud Elkarargy";
				TargetAttributes = {
					D613D62D2450ADFB00ECCE8D = {
						CreatedOnToolsVersion = 10.1;
						LastSwiftMigration = 1140;
					};
				};
			};
			buildConfigurationList = D613D6292450ADFB00ECCE8D /* Build configuration list for PBXProject "MemeMe" */;
			compatibilityVersion = "Xcode 9.3";
			developmentRegion = en;
			hasScannedForEncodings = 0;
			knownRegions = (
				en,
				Base,
			);
			mainGroup = D613D6252450ADFB00ECCE8D;
			productRefGroup = D613D62F2450ADFB00ECCE8D /* Products */;
			projectDirPath = "";
			projectRoot = "";
			targets = (
				D613D62D2450ADFB00ECCE8D /* MemeMe */,
			);
		};
/* End PBXProject section */

/* Begin PBXResourcesBuildPhase section */
		D613D62C2450ADFB00ECCE8D /* Resources */ = {
			isa = PBXResourcesBuildPhase;
			buildActionMask = 2147483647;
			files = (
				D613D63C2450AE0200ECCE8D /* LaunchScreen.storyboard in Resources */,
				D613D6392450AE0200ECCE8D /* Assets.xcassets in Resources */,
				D613D6372450ADFB00ECCE8D /* Main.storyboard in Resources */,
			);
			runOnlyForDeploymentPostprocessing = 0;
		};
/* End PBXResourcesBuildPhase section */

/* Begin PBXSourcesBuildPhase section */
		D613D62A2450ADFB00ECCE8D /* Sources */ = {
			isa = PBXSourcesBuildPhase;
			buildActionMask = 2147483647;
			files = (
				D6A11C5B2454CD1000F2CD71 /* SharedMemeTableViewController.swift in Sources */,
				D6D792912453B98400DC819B /* Meme.swift in Sources */,
				D6A11C572454862000F2CD71 /* MemeViewController.swift in Sources */,
				D613D6342450ADFB00ECCE8D /* MemeEditorViewController.swift in Sources */,
				D6A11C5924548A8500F2CD71 /* MemeTableViewCell.swift in Sources */,
				D6D792932453BA5300DC819B /* MemeTextFieldDelegate.swift in Sources */,
				D613D6322450ADFB00ECCE8D /* AppDelegate.swift in Sources */,
			);
			runOnlyForDeploymentPostprocessing = 0;
		};
/* End PBXSourcesBuildPhase section */

/* Begin PBXVariantGroup section */
		D613D6352450ADFB00ECCE8D /* Main.storyboard */ = {
			isa = PBXVariantGroup;
			children = (
				D613D6362450ADFB00ECCE8D /* Base */,
			);
			name = Main.storyboard;
			sourceTree = "<group>";
		};
		D613D63A2450AE0200ECCE8D /* LaunchScreen.storyboard */ = {
			isa = PBXVariantGroup;
			children = (
				D613D63B2450AE0200ECCE8D /* Base */,
			);
			name = LaunchScreen.storyboard;
			sourceTree = "<group>";
		};
/* End PBXVariantGroup section */

/* Begin XCBuildConfiguration section */
		D613D63E2450AE0200ECCE8D /* Debug */ = {
			isa = XCBuildConfiguration;
			buildSettings = {
				ALWAYS_SEARCH_USER_PATHS = NO;
				CLANG_ANALYZER_NONNULL = YES;
				CLANG_ANALYZER_NUMBER_OBJECT_CONVERSION = YES_AGGRESSIVE;
				CLANG_CXX_LANGUAGE_STANDARD = "gnu++14";
				CLANG_CXX_LIBRARY = "libc++";
				CLANG_ENABLE_MODULES = YES;
				CLANG_ENABLE_OBJC_ARC = YES;
				CLANG_ENABLE_OBJC_WEAK = YES;
				CLANG_WARN_BLOCK_CAPTURE_AUTORELEASING = YES;
				CLANG_WARN_BOOL_CONVERSION = YES;
				CLANG_WARN_COMMA = YES;
				CLANG_WARN_CONSTANT_CONVERSION = YES;
				CLANG_WARN_DEPRECATED_OBJC_IMPLEMENTATIONS = YES;
				CLANG_WARN_DIRECT_OBJC_ISA_USAGE = YES_ERROR;
				CLANG_WARN_DOCUMENTATION_COMMENTS = YES;
				CLANG_WARN_EMPTY_BODY = YES;
				CLANG_WARN_ENUM_CONVERSION = YES;
				CLANG_WARN_INFINITE_RECURSION = YES;
				CLANG_WARN_INT_CONVERSION = YES;
				CLANG_WARN_NON_LITERAL_NULL_CONVERSION = YES;
				CLANG_WARN_OBJC_IMPLICIT_RETAIN_SELF = YES;
				CLANG_WARN_OBJC_LITERAL_CONVERSION = YES;
				CLANG_WARN_OBJC_ROOT_CLASS = YES_ERROR;
				CLANG_WARN_RANGE_LOOP_ANALYSIS = YES;
				CLANG_WARN_STRICT_PROTOTYPES = YES;
				CLANG_WARN_SUSPICIOUS_MOVE = YES;
				CLANG_WARN_UNGUARDED_AVAILABILITY = YES_AGGRESSIVE;
				CLANG_WARN_UNREACHABLE_CODE = YES;
				CLANG_WARN__DUPLICATE_METHOD_MATCH = YES;
				CODE_SIGN_IDENTITY = "iPhone Developer";
				COPY_PHASE_STRIP = NO;
				DEBUG_INFORMATION_FORMAT = dwarf;
				ENABLE_STRICT_OBJC_MSGSEND = YES;
				ENABLE_TESTABILITY = YES;
				GCC_C_LANGUAGE_STANDARD = gnu11;
				GCC_DYNAMIC_NO_PIC = NO;
				GCC_NO_COMMON_BLOCKS = YES;
				GCC_OPTIMIZATION_LEVEL = 0;
				GCC_PREPROCESSOR_DEFINITIONS = (
					"DEBUG=1",
					"$(inherited)",
				);
				GCC_WARN_64_TO_32_BIT_CONVERSION = YES;
				GCC_WARN_ABOUT_RETURN_TYPE = YES_ERROR;
				GCC_WARN_UNDECLARED_SELECTOR = YES;
				GCC_WARN_UNINITIALIZED_AUTOS = YES_AGGRESSIVE;
				GCC_WARN_UNUSED_FUNCTION = YES;
				GCC_WARN_UNUSED_VARIABLE = YES;
				IPHONEOS_DEPLOYMENT_TARGET = 12.1;
				MTL_ENABLE_DEBUG_INFO = INCLUDE_SOURCE;
				MTL_FAST_MATH = YES;
				ONLY_ACTIVE_ARCH = YES;
				SDKROOT = iphoneos;
				SWIFT_ACTIVE_COMPILATION_CONDITIONS = DEBUG;
				SWIFT_OPTIMIZATION_LEVEL = "-Onone";
			};
			name = Debug;
		};
		D613D63F2450AE0200ECCE8D /* Release */ = {
			isa = XCBuildConfiguration;
			buildSettings = {
				ALWAYS_SEARCH_USER_PATHS = NO;
				CLANG_ANALYZER_NONNULL = YES;
				CLANG_ANALYZER_NUMBER_OBJECT_CONVERSION = YES_AGGRESSIVE;
				CLANG_CXX_LANGUAGE_STANDARD = "gnu++14";
				CLANG_CXX_LIBRARY = "libc++";
				CLANG_ENABLE_MODULES = YES;
				CLANG_ENABLE_OBJC_ARC = YES;
				CLANG_ENABLE_OBJC_WEAK = YES;
				CLANG_WARN_BLOCK_CAPTURE_AUTORELEASING = YES;
				CLANG_WARN_BOOL_CONVERSION = YES;
				CLANG_WARN_COMMA = YES;
				CLANG_WARN_CONSTANT_CONVERSION = YES;
				CLANG_WARN_DEPRECATED_OBJC_IMPLEMENTATIONS = YES;
				CLANG_WARN_DIRECT_OBJC_ISA_USAGE = YES_ERROR;
				CLANG_WARN_DOCUMENTATION_COMMENTS = YES;
				CLANG_WARN_EMPTY_BODY = YES;
				CLANG_WARN_ENUM_CONVERSION = YES;
				CLANG_WARN_INFINITE_RECURSION = YES;
				CLANG_WARN_INT_CONVERSION = YES;
				CLANG_WARN_NON_LITERAL_NULL_CONVERSION = YES;
				CLANG_WARN_OBJC_IMPLICIT_RETAIN_SELF = YES;
				CLANG_WARN_OBJC_LITERAL_CONVERSION = YES;
				CLANG_WARN_OBJC_ROOT_CLASS = YES_ERROR;
				CLANG_WARN_RANGE_LOOP_ANALYSIS = YES;
				CLANG_WARN_STRICT_PROTOTYPES = YES;
				CLANG_WARN_SUSPICIOUS_MOVE = YES;
				CLANG_WARN_UNGUARDED_AVAILABILITY = YES_AGGRESSIVE;
				CLANG_WARN_UNREACHABLE_CODE = YES;
				CLANG_WARN__DUPLICATE_METHOD_MATCH = YES;
				CODE_SIGN_IDENTITY = "iPhone Developer";
				COPY_PHASE_STRIP = NO;
				DEBUG_INFORMATION_FORMAT = "dwarf-with-dsym";
				ENABLE_NS_ASSERTIONS = NO;
				ENABLE_STRICT_OBJC_MSGSEND = YES;
				GCC_C_LANGUAGE_STANDARD = gnu11;
				GCC_NO_COMMON_BLOCKS = YES;
				GCC_WARN_64_TO_32_BIT_CONVERSION = YES;
				GCC_WARN_ABOUT_RETURN_TYPE = YES_ERROR;
				GCC_WARN_UNDECLARED_SELECTOR = YES;
				GCC_WARN_UNINITIALIZED_AUTOS = YES_AGGRESSIVE;
				GCC_WARN_UNUSED_FUNCTION = YES;
				GCC_WARN_UNUSED_VARIABLE = YES;
				IPHONEOS_DEPLOYMENT_TARGET = 12.1;
				MTL_ENABLE_DEBUG_INFO = NO;
				MTL_FAST_MATH = YES;
				SDKROOT = iphoneos;
				SWIFT_COMPILATION_MODE = wholemodule;
				SWIFT_OPTIMIZATION_LEVEL = "-O";
				VALIDATE_PRODUCT = YES;
			};
			name = Release;
		};
		D613D6412450AE0200ECCE8D /* Debug */ = {
			isa = XCBuildConfiguration;
			buildSettings = {
				ASSETCATALOG_COMPILER_APPICON_NAME = AppIcon;
				CODE_SIGN_STYLE = Automatic;
				DEVELOPMENT_TEAM = N6934287Y4;
				INFOPLIST_FILE = MemeMe/Info.plist;
				IPHONEOS_DEPLOYMENT_TARGET = 12.3;
				LD_RUNPATH_SEARCH_PATHS = (
					"$(inherited)",
					"@executable_path/Frameworks",
				);
				PRODUCT_BUNDLE_IDENTIFIER = Karargy.MemeMe;
				PRODUCT_NAME = "$(TARGET_NAME)";
				SWIFT_VERSION = 5.0;
				TARGETED_DEVICE_FAMILY = "1,2";
			};
			name = Debug;
		};
		D613D6422450AE0200ECCE8D /* Release */ = {
			isa = XCBuildConfiguration;
			buildSettings = {
				ASSETCATALOG_COMPILER_APPICON_NAME = AppIcon;
				CODE_SIGN_STYLE = Automatic;
				DEVELOPMENT_TEAM = N6934287Y4;
				INFOPLIST_FILE = MemeMe/Info.plist;
				IPHONEOS_DEPLOYMENT_TARGET = 12.3;
				LD_RUNPATH_SEARCH_PATHS = (
					"$(inherited)",
					"@executable_path/Frameworks",
				);
				PRODUCT_BUNDLE_IDENTIFIER = Karargy.MemeMe;
				PRODUCT_NAME = "$(TARGET_NAME)";
				SWIFT_VERSION = 5.0;
				TARGETED_DEVICE_FAMILY = "1,2";
			};
			name = Release;
		};
/* End XCBuildConfiguration section */

/* Begin XCConfigurationList section */
		D613D6292450ADFB00ECCE8D /* Build configuration list for PBXProject "MemeMe" */ = {
			isa = XCConfigurationList;
			buildConfigurations = (
				D613D63E2450AE0200ECCE8D /* Debug */,
				D613D63F2450AE0200ECCE8D /* Release */,
			);
			defaultConfigurationIsVisible = 0;
			defaultConfigurationName = Release;
		};
		D613D6402450AE0200ECCE8D /* Build configuration list for PBXNativeTarget "MemeMe" */ = {
			isa = XCConfigurationList;
			buildConfigurations = (
				D613D6412450AE0200ECCE8D /* Debug */,
				D613D6422450AE0200ECCE8D /* Release */,
			);
			defaultConfigurationIsVisible = 0;
			defaultConfigurationName = Release;
		};
/* End XCConfigurationList section */
	};
	rootObject = D613D6262450ADFB00ECCE8D /* Project object */;
}
